
Microsoft Visual Studio Solution File, Format Version 12.00
# Visual Studio 2012
Project("{FAE04EC0-301F-11D3-BF4B-00C04F79EFBC}") = "ConstructorDependencyInjection", "DependencyInjection\ConstructorDependencyInjection.csproj", "{253993AA-A9DD-4892-BE04-A46B9B7BF29C}"
EndProject
Global
	GlobalSection(SolutionConfigurationPlatforms) = preSolution
		Debug|Any CPU = Debug|Any CPU
		Release|Any CPU = Release|Any CPU
	EndGlobalSection
	GlobalSection(ProjectConfigurationPlatforms) = postSolution
		{253993AA-A9DD-4892-BE04-A46B9B7BF29C}.Debug|Any CPU.ActiveCfg = Debug|Any CPU
		{253993AA-A9DD-4892-BE04-A46B9B7BF29C}.Debug|Any CPU.Build.0 = Debug|Any CPU
		{253993AA-A9DD-4892-BE04-A46B9B7BF29C}.Release|Any CPU.ActiveCfg = Release|Any CPU
		{253993AA-A9DD-4892-BE04-A46B9B7BF29C}.Release|Any CPU.Build.0 = Release|Any CPU
	EndGlobalSection
	GlobalSection(SolutionProperties) = preSolution
		HideSolutionNode = FALSE
	EndGlobalSection
EndGlobal
